
Microsoft Visual Studio Solution File, Format Version 12.00
# Visual Studio Version 17
VisualStudioVersion = 17.10.35122.118
MinimumVisualStudioVersion = 10.0.40219.1
Project("{9A19103F-16F7-4668-BE54-9A1E7A4F7556}") = "jpgRenamer", "jpgRenamer\jpgRenamer.csproj", "{2980BE32-4AF7-4340-8967-B7ADC8077C86}"
EndProject
Global
	GlobalSection(SolutionConfigurationPlatforms) = preSolution
		Debug|Any CPU = Debug|Any CPU
		Release|Any CPU = Release|Any CPU
	EndGlobalSection
	GlobalSection(ProjectConfigurationPlatforms) = postSolution
		{2980BE32-4AF7-4340-8967-B7ADC8077C86}.Debug|Any CPU.ActiveCfg = Release|Any CPU
		{2980BE32-4AF7-4340-8967-B7ADC8077C86}.Debug|Any CPU.Build.0 = Release|Any CPU
		{2980BE32-4AF7-4340-8967-B7ADC8077C86}.Release|Any CPU.ActiveCfg = Release|Any CPU
		{2980BE32-4AF7-4340-8967-B7ADC8077C86}.Release|Any CPU.Build.0 = Release|Any CPU
	EndGlobalSection
	GlobalSection(SolutionProperties) = preSolution
		HideSolutionNode = FALSE
	EndGlobalSection
	GlobalSection(ExtensibilityGlobals) = postSolution
		SolutionGuid = {52D1A456-33B3-4556-A575-4671C1CA73AC}
	EndGlobalSection
EndGlobal
